
Microsoft Visual Studio Solution File, Format Version 11.00
# Visual Studio 2010
Project("{FAE04EC0-301F-11D3-BF4B-00C04F79EFBC}") = "SocialMedia", "SocialMedia\SocialMedia.csproj", "{30F79DB1-F8E5-4F7A-851E-0C0AA45F716E}"
EndProject
Global
	GlobalSection(SolutionConfigurationPlatforms) = preSolution
		Debug|Any CPU = Debug|Any CPU
		Release|Any CPU = Release|Any CPU
	EndGlobalSection
	GlobalSection(ProjectConfigurationPlatforms) = postSolution
		{30F79DB1-F8E5-4F7A-851E-0C0AA45F716E}.Debug|Any CPU.ActiveCfg = Debug|Any CPU
		{30F79DB1-F8E5-4F7A-851E-0C0AA45F716E}.Debug|Any CPU.Build.0 = Debug|Any CPU
		{30F79DB1-F8E5-4F7A-851E-0C0AA45F716E}.Release|Any CPU.ActiveCfg = Release|Any CPU
		{30F79DB1-F8E5-4F7A-851E-0C0AA45F716E}.Release|Any CPU.Build.0 = Release|Any CPU
	EndGlobalSection
	GlobalSection(SolutionProperties) = preSolution
		HideSolutionNode = FALSE
	EndGlobalSection
EndGlobal
